
Microsoft Visual Studio Solution File, Format Version 12.00
# Visual Studio Version 17
VisualStudioVersion = 17.6.33723.286
MinimumVisualStudioVersion = 10.0.40219.1
Project("{FAE04EC0-301F-11D3-BF4B-00C04F79EFBC}") = "SukailoCSharp4", "SukailoCSharp4\SukailoCSharp4.csproj", "{A46FAA3A-3C0E-477A-BF5A-C8C6130F51D1}"
EndProject
Global
	GlobalSection(SolutionConfigurationPlatforms) = preSolution
		Debug|Any CPU = Debug|Any CPU
		Release|Any CPU = Release|Any CPU
	EndGlobalSection
	GlobalSection(ProjectConfigurationPlatforms) = postSolution
		{A46FAA3A-3C0E-477A-BF5A-C8C6130F51D1}.Debug|Any CPU.ActiveCfg = Debug|Any CPU
		{A46FAA3A-3C0E-477A-BF5A-C8C6130F51D1}.Debug|Any CPU.Build.0 = Debug|Any CPU
		{A46FAA3A-3C0E-477A-BF5A-C8C6130F51D1}.Release|Any CPU.ActiveCfg = Release|Any CPU
		{A46FAA3A-3C0E-477A-BF5A-C8C6130F51D1}.Release|Any CPU.Build.0 = Release|Any CPU
	EndGlobalSection
	GlobalSection(SolutionProperties) = preSolution
		HideSolutionNode = FALSE
	EndGlobalSection
	GlobalSection(ExtensibilityGlobals) = postSolution
		SolutionGuid = {5907E2E8-8AD1-4709-941D-B4BAE6D351C0}
	EndGlobalSection
EndGlobal
